lockfileVersion: 5.3

specifiers:
  '@types/fs-extra': ^9.0.13
  '@types/node': ^17.0.9
  axios: ^0.24.0
  chalk: ^5.0.0
  commander: ^8.3.0
  dayjs: ^1.10.7
  fs-extra: ^10.0.0
  graphql: ^16.2.0
  husky: ^7.0.4
  log-symbols: ^5.1.0
  ora: ^6.0.1
  prompts: ^2.4.2

dependencies:
  axios: registry.npmmirror.com/axios/0.24.0
  chalk: registry.npmmirror.com/chalk/5.0.0
  commander: registry.npmmirror.com/commander/8.3.0
  fs-extra: registry.nlark.com/fs-extra/10.0.0
  graphql: registry.npmmirror.com/graphql/16.2.0
  log-symbols: registry.npmmirror.com/log-symbols/5.1.0
  ora: registry.nlark.com/ora/6.0.1
  prompts: registry.npmmirror.com/prompts/2.4.2

devDependencies:
  '@types/fs-extra': registry.npmmirror.com/@types/fs-extra/9.0.13
  '@types/node': registry.npmmirror.com/@types/node/17.0.9
  dayjs: registry.npmmirror.com/dayjs/1.10.7
  husky: registry.npmmirror.com/husky/7.0.4

packages:

  registry.nlark.com/ansi-regex/6.0.1:
    resolution: {integrity: sha1-MYPjj66aZdfLXlOUXNWJfQJgoGo=, registry: https://registry.npm.taobao.org/, tarball: https://registry.nlark.com/ansi-regex/download/ansi-regex-6.0.1.tgz}
    name: ansi-regex
    version: 6.0.1
    engines: {node: '>=12'}
    dev: false

  registry.nlark.com/base64-js/1.5.1:
    resolution: {integrity: sha1-GxtEAWClv3rUC2UPCVljSBkDkwo=, registry: https://registry.npm.taobao.org/, tarball: https://registry.nlark.com/base64-js/download/base64-js-1.5.1.tgz}
    name: base64-js
    version: 1.5.1
    dev: false

  registry.nlark.com/bl/5.0.0:
    resolution: {integrity: sha1-aSiASkHp2pA0ho4cUMqI8h9XrqI=, registry: https://registry.npm.taobao.org/, tarball: https://registry.nlark.com/bl/download/bl-5.0.0.tgz}
    name: bl
    version: 5.0.0
    dependencies:
      buffer: registry.npmmirror.com/buffer/6.0.3
      inherits: registry.nlark.com/inherits/2.0.4
      readable-stream: registry.nlark.com/readable-stream/3.6.0
    dev: false

  registry.nlark.com/cli-cursor/4.0.0:
    resolution: {integrity: sha1-POz+NzS/T+Aqg2HL3A9v4oxqV+o=, registry: https://registry.npm.taobao.org/, tarball: https://registry.nlark.com/cli-cursor/download/cli-cursor-4.0.0.tgz}
    name: cli-cursor
    version: 4.0.0
    engines: {node: ^12.20.0 || ^14.13.1 || >=16.0.0}
    dependencies:
      restore-cursor: registry.nlark.com/restore-cursor/4.0.0
    dev: false

  registry.nlark.com/clone/1.0.4:
    resolution: {integrity: sha1-2jCcwmPfFZlMaIypAheco8fNfH4=, registry: https://registry.npm.taobao.org/, tarball: https://registry.nlark.com/clone/download/clone-1.0.4.tgz}
    name: clone
    version: 1.0.4
    engines: {node: '>=0.8'}
    dev: false

  registry.nlark.com/color-name/1.1.4:
    resolution: {integrity: sha1-wqCah6y95pVD3m9j+jmVyCbFNqI=, registry: https://registry.npm.taobao.org/, tarball: https://registry.nlark.com/color-name/download/color-name-1.1.4.tgz}
    name: color-name
    version: 1.1.4
    dev: false

  registry.nlark.com/defaults/1.0.3:
    resolution: {integrity: sha1-xlYFHpgX2f8I7YgUd/P+QBnz730=, registry: https://registry.npm.taobao.org/, tarball: https://registry.nlark.com/defaults/download/defaults-1.0.3.tgz}
    name: defaults
    version: 1.0.3
    dependencies:
      clone: registry.nlark.com/clone/1.0.4
    dev: false

  registry.nlark.com/fs-extra/10.0.0:
    resolution: {integrity: sha1-n/YbZV3eU/s0qC34S7IUzoAuF8E=, registry: https://registry.npm.taobao.org/, tarball: https://registry.nlark.com/fs-extra/download/fs-extra-10.0.0.tgz}
    name: fs-extra
    version: 10.0.0
    engines: {node: '>=12'}
    dependencies:
      graceful-fs: registry.npmmirror.com/graceful-fs/4.2.9
      jsonfile: registry.nlark.com/jsonfile/6.1.0
      universalify: registry.nlark.com/universalify/2.0.0
    dev: false

  registry.nlark.com/has-flag/4.0.0:
    resolution: {integrity: sha1-lEdx/ZyByBJlxNaUGGDaBrtZR5s=, registry: https://registry.npm.taobao.org/, tarball: https://registry.nlark.com/has-flag/download/has-flag-4.0.0.tgz}
    name: has-flag
    version: 4.0.0
    engines: {node: '>=8'}
    dev: false

  registry.nlark.com/ieee754/1.2.1:
    resolution: {integrity: sha1-jrehCmP/8l0VpXsAFYbRd9Gw01I=, registry: https://registry.npm.taobao.org/, tarball: https://registry.nlark.com/ieee754/download/ieee754-1.2.1.tgz}
    name: ieee754
    version: 1.2.1
    dev: false

  registry.nlark.com/inherits/2.0.4:
    resolution: {integrity: sha1-D6LGT5MpF8NDOg3tVTY6rjdBa3w=, registry: https://registry.npm.taobao.org/, tarball: https://registry.nlark.com/inherits/download/inherits-2.0.4.tgz}
    name: inherits
    version: 2.0.4
    dev: false

  registry.nlark.com/is-interactive/2.0.0:
    resolution: {integrity: sha1-QMV2FFk4JtoRAK3mBZd41ZfxbpA=, registry: https://registry.npm.taobao.org/, tarball: https://registry.nlark.com/is-interactive/download/is-interactive-2.0.0.tgz}
    name: is-interactive
    version: 2.0.0
    engines: {node: '>=12'}
    dev: false

  registry.nlark.com/is-unicode-supported/1.1.0:
    resolution: {integrity: sha1-kSe3H5+oL1LKXCDpgue+wO4x7h4=, registry: https://registry.npm.taobao.org/, tarball: https://registry.nlark.com/is-unicode-supported/download/is-unicode-supported-1.1.0.tgz}
    name: is-unicode-supported
    version: 1.1.0
    engines: {node: '>=12'}
    dev: false

  registry.nlark.com/jsonfile/6.1.0:
    resolution: {integrity: sha1-vFWyY0eTxnnsZAMJTrE2mKbsCq4=, registry: https://registry.npm.taobao.org/, tarball: https://registry.nlark.com/jsonfile/download/jsonfile-6.1.0.tgz}
    name: jsonfile
    version: 6.1.0
    dependencies:
      universalify: registry.nlark.com/universalify/2.0.0
    optionalDependencies:
      graceful-fs: registry.npmmirror.com/graceful-fs/4.2.9
    dev: false

  registry.nlark.com/kleur/3.0.3:
    resolution: {integrity: sha1-p5yezIbuHOP6YgbRIWxQHxR/wH4=, registry: https://registry.npm.taobao.org/, tarball: https://registry.nlark.com/kleur/download/kleur-3.0.3.tgz}
    name: kleur
    version: 3.0.3
    engines: {node: '>=6'}
    dev: false

  registry.nlark.com/mimic-fn/2.1.0:
    resolution: {integrity: sha1-ftLCzMyvhNP/y3pptXcR/CCDQBs=, registry: https://registry.npm.taobao.org/, tarball: https://registry.nlark.com/mimic-fn/download/mimic-fn-2.1.0.tgz}
    name: mimic-fn
    version: 2.1.0
    engines: {node: '>=6'}
    dev: false

  registry.nlark.com/onetime/5.1.2:
    resolution: {integrity: sha1-0Oluu1awdHbfHdnEgG5SN5hcpF4=, registry: https://registry.npm.taobao.org/, tarball: https://registry.nlark.com/onetime/download/onetime-5.1.2.tgz}
    name: onetime
    version: 5.1.2
    engines: {node: '>=6'}
    dependencies:
      mimic-fn: registry.nlark.com/mimic-fn/2.1.0
    dev: false

  registry.nlark.com/ora/6.0.1:
    resolution: {integrity: sha1-aMqp/WxIWkDW9GxQo5QPo9+Zx/M=, registry: https://registry.npm.taobao.org/, tarball: https://registry.nlark.com/ora/download/ora-6.0.1.tgz}
    name: ora
    version: 6.0.1
    engines: {node: ^12.20.0 || ^14.13.1 || >=16.0.0}
    dependencies:
      bl: registry.nlark.com/bl/5.0.0
      chalk: registry.npmmirror.com/chalk/4.1.2
      cli-cursor: registry.nlark.com/cli-cursor/4.0.0
      cli-spinners: registry.npmmirror.com/cli-spinners/2.6.1
      is-interactive: registry.nlark.com/is-interactive/2.0.0
      is-unicode-supported: registry.nlark.com/is-unicode-supported/1.1.0
      log-symbols: registry.npmmirror.com/log-symbols/5.1.0
      strip-ansi: registry.npmmirror.com/strip-ansi/7.0.1
      wcwidth: registry.nlark.com/wcwidth/1.0.1
    dev: false

  registry.nlark.com/readable-stream/3.6.0:
    resolution: {integrity: sha1-M3u9o63AcGvT4CRCaihtS0sskZg=, registry: https://registry.npm.taobao.org/, tarball: https://registry.nlark.com/readable-stream/download/readable-stream-3.6.0.tgz}
    name: readable-stream
    version: 3.6.0
    engines: {node: '>= 6'}
    dependencies:
      inherits: registry.nlark.com/inherits/2.0.4
      string_decoder: registry.npmmirror.com/string_decoder/1.3.0
      util-deprecate: registry.nlark.com/util-deprecate/1.0.2
    dev: false

  registry.nlark.com/restore-cursor/4.0.0:
    resolution: {integrity: sha1-UZVgpDGJdQlt725gnUQQDtqkzLk=, registry: https://registry.npm.taobao.org/, tarball: https://registry.nlark.com/restore-cursor/download/restore-cursor-4.0.0.tgz}
    name: restore-cursor
    version: 4.0.0
    engines: {node: ^12.20.0 || ^14.13.1 || >=16.0.0}
    dependencies:
      onetime: registry.nlark.com/onetime/5.1.2
      signal-exit: registry.npmmirror.com/signal-exit/3.0.6
    dev: false

  registry.nlark.com/safe-buffer/5.2.1:
    resolution: {integrity: sha1-Hq+fqb2x/dTsdfWPnNtOa3gn7sY=, registry: https://registry.npm.taobao.org/, tarball: https://registry.nlark.com/safe-buffer/download/safe-buffer-5.2.1.tgz}
    name: safe-buffer
    version: 5.2.1
    dev: false

  registry.nlark.com/sisteransi/1.0.5:
    resolution: {integrity: sha1-E01oEpd1ZDfMBcoBNw06elcQde0=, registry: https://registry.npm.taobao.org/, tarball: https://registry.nlark.com/sisteransi/download/sisteransi-1.0.5.tgz}
    name: sisteransi
    version: 1.0.5
    dev: false

  registry.nlark.com/universalify/2.0.0:
    resolution: {integrity: sha1-daSYTv7cSwiXXFrrc/Uw0C3yVxc=, registry: https://registry.npm.taobao.org/, tarball: https://registry.nlark.com/universalify/download/universalify-2.0.0.tgz}
    name: universalify
    version: 2.0.0
    engines: {node: '>= 10.0.0'}
    dev: false

  registry.nlark.com/util-deprecate/1.0.2:
    resolution: {integrity: sha1-RQ1Nyfpw3nMnYvvS1KKJgUGaDM8=, registry: https://registry.npm.taobao.org/, tarball: https://registry.nlark.com/util-deprecate/download/util-deprecate-1.0.2.tgz}
    name: util-deprecate
    version: 1.0.2
    dev: false

  registry.nlark.com/wcwidth/1.0.1:
    resolution: {integrity: sha1-8LDc+RW8X/FSivrbLA4XtTLaL+g=, registry: https://registry.npm.taobao.org/, tarball: https://registry.nlark.com/wcwidth/download/wcwidth-1.0.1.tgz}
    name: wcwidth
    version: 1.0.1
    dependencies:
      defaults: registry.nlark.com/defaults/1.0.3
    dev: false

  registry.npmmirror.com/@types/fs-extra/9.0.13:
    resolution: {integrity: sha1-dZT7rgT+fxkYzos9IT90/0SsH0U=, registry: https://registry.npm.taobao.org/, tarball: https://registry.npmmirror.com/@types/fs-extra/download/@types/fs-extra-9.0.13.tgz}
    name: '@types/fs-extra'
    version: 9.0.13
    dependencies:
      '@types/node': registry.npmmirror.com/@types/node/17.0.9
    dev: true

  registry.npmmirror.com/@types/node/17.0.9:
    resolution: {integrity: sha512-5dNBXu/FOER+EXnyah7rn8xlNrfMOQb/qXnw4NQgLkCygKBKhdmF/CA5oXVOKZLBEahw8s2WP9LxIcN/oDDRgQ==, registry: https://registry.npm.taobao.org/, tarball: https://registry.npmmirror.com/@types/node/download/@types/node-17.0.9.tgz}
    name: '@types/node'
    version: 17.0.9
    dev: true

  registry.npmmirror.com/ansi-styles/4.3.0:
    resolution: {integrity: sha512-zbB9rCJAT1rbjiVDb2hqKFHNYLxgtk8NURxZ3IZwD3F6NtxbXZQCnnSi1Lkx+IDohdPlFp222wVALIheZJQSEg==, registry: https://registry.npm.taobao.org/, tarball: https://registry.npmmirror.com/ansi-styles/download/ansi-styles-4.3.0.tgz}
    name: ansi-styles
    version: 4.3.0
    engines: {node: '>=8'}
    dependencies:
      color-convert: registry.npmmirror.com/color-convert/2.0.1
    dev: false

  registry.npmmirror.com/axios/0.24.0:
    resolution: {integrity: sha512-Q6cWsys88HoPgAaFAVUb0WpPk0O8iTeisR9IMqy9G8AbO4NlpVknrnQS03zzF9PGAWgO3cgletO3VjV/P7VztA==, registry: https://registry.npm.taobao.org/, tarball: https://registry.npmmirror.com/axios/download/axios-0.24.0.tgz}
    name: axios
    version: 0.24.0
    dependencies:
      follow-redirects: registry.npmmirror.com/follow-redirects/1.14.7
    transitivePeerDependencies:
      - debug
    dev: false

  registry.npmmirror.com/buffer/6.0.3:
    resolution: {integrity: sha512-FTiCpNxtwiZZHEZbcbTIcZjERVICn9yq/pDFkTl95/AxzD1naBctN7YO68riM/gLSDY7sdrMby8hofADYuuqOA==, registry: https://registry.npm.taobao.org/, tarball: https://registry.npmmirror.com/buffer/download/buffer-6.0.3.tgz}
    name: buffer
    version: 6.0.3
    dependencies:
      base64-js: registry.nlark.com/base64-js/1.5.1
      ieee754: registry.nlark.com/ieee754/1.2.1
    dev: false

  registry.npmmirror.com/chalk/4.1.2:
    resolution: {integrity: sha512-oKnbhFyRIXpUuez8iBMmyEa4nbj4IOQyuhc/wy9kY7/WVPcwIO9VA668Pu8RkO7+0G76SLROeyw9CpQ061i4mA==, registry: https://registry.npm.taobao.org/, tarball: https://registry.npmmirror.com/chalk/download/chalk-4.1.2.tgz}
    name: chalk
    version: 4.1.2
    engines: {node: '>=10'}
    dependencies:
      ansi-styles: registry.npmmirror.com/ansi-styles/4.3.0
      supports-color: registry.npmmirror.com/supports-color/7.2.0
    dev: false

  registry.npmmirror.com/chalk/5.0.0:
    resolution: {integrity: sha512-/duVOqst+luxCQRKEo4bNxinsOQtMP80ZYm7mMqzuh5PociNL0PvmHFvREJ9ueYL2TxlHjBcmLCdmocx9Vg+IQ==, registry: https://registry.npm.taobao.org/, tarball: https://registry.npmmirror.com/chalk/download/chalk-5.0.0.tgz}
    name: chalk
    version: 5.0.0
    engines: {node: ^12.17.0 || ^14.13 || >=16.0.0}
    dev: false

  registry.npmmirror.com/cli-spinners/2.6.1:
    resolution: {integrity: sha1-rclU6+KBw3pjGb+kAebdJIj/tw0=, registry: https://registry.npm.taobao.org/, tarball: https://registry.npmmirror.com/cli-spinners/download/cli-spinners-2.6.1.tgz}
    name: cli-spinners
    version: 2.6.1
    engines: {node: '>=6'}
    dev: false

  registry.npmmirror.com/color-convert/2.0.1:
    resolution: {integrity: sha1-ctOmjVmMm9s68q0ehPIdiWq9TeM=, registry: https://registry.npm.taobao.org/, tarball: https://registry.npmmirror.com/color-convert/download/color-convert-2.0.1.tgz}
    name: color-convert
    version: 2.0.1
    engines: {node: '>=7.0.0'}
    dependencies:
      color-name: registry.nlark.com/color-name/1.1.4
    dev: false

  registry.npmmirror.com/commander/8.3.0:
    resolution: {integrity: sha512-OkTL9umf+He2DZkUq8f8J9of7yL6RJKI24dVITBmNfZBmri9zYZQrKkuXiKhyfPSu8tUhnVBB1iKXevvnlR4Ww==, registry: https://registry.npm.taobao.org/, tarball: https://registry.npmmirror.com/commander/download/commander-8.3.0.tgz}
    name: commander
    version: 8.3.0
    engines: {node: '>= 12'}
    dev: false

  registry.npmmirror.com/dayjs/1.10.7:
    resolution: {integrity: sha512-P6twpd70BcPK34K26uJ1KT3wlhpuOAPoMwJzpsIWUxHZ7wpmbdZL/hQqBDfz7hGurYSa5PhzdhDHtt319hL3ig==, registry: https://registry.npm.taobao.org/, tarball: https://registry.npmmirror.com/dayjs/download/dayjs-1.10.7.tgz}
    name: dayjs
    version: 1.10.7
    dev: true

  registry.npmmirror.com/follow-redirects/1.14.7:
    resolution: {integrity: sha512-+hbxoLbFMbRKDwohX8GkTataGqO6Jb7jGwpAlwgy2bIz25XtRm7KEzJM76R1WiNT5SwZkX4Y75SwBolkpmE7iQ==, registry: https://registry.npm.taobao.org/, tarball: https://registry.npmmirror.com/follow-redirects/download/follow-redirects-1.14.7.tgz}
    name: follow-redirects
    version: 1.14.7
    engines: {node: '>=4.0'}
    peerDependencies:
      debug: '*'
    peerDependenciesMeta:
      debug:
        optional: true
    dev: false

  registry.npmmirror.com/graceful-fs/4.2.9:
    resolution: {integrity: sha512-NtNxqUcXgpW2iMrfqSfR73Glt39K+BLwWsPs94yR63v45T0Wbej7eRmL5cWfwEgqXnmjQp3zaJTshdRW/qC2ZQ==, registry: https://registry.npm.taobao.org/, tarball: https://registry.npmmirror.com/graceful-fs/download/graceful-fs-4.2.9.tgz}
    name: graceful-fs
    version: 4.2.9
    dev: false

  registry.npmmirror.com/graphql/16.2.0:
    resolution: {integrity: sha512-MuQd7XXrdOcmfwuLwC2jNvx0n3rxIuNYOxUtiee5XOmfrWo613ar2U8pE7aHAKh8VwfpifubpD9IP+EdEAEOsA==, registry: https://registry.npm.taobao.org/, tarball: https://registry.npmmirror.com/graphql/download/graphql-16.2.0.tgz}
    name: graphql
    version: 16.2.0
    engines: {node: ^12.22.0 || ^14.16.0 || >=16.0.0}
    dev: false

  registry.npmmirror.com/husky/7.0.4:
    resolution: {integrity: sha1-JCBIJF3EnI+xvwzHz7mN1yJTFTU=, registry: https://registry.npm.taobao.org/, tarball: https://registry.npmmirror.com/husky/download/husky-7.0.4.tgz}
    name: husky
    version: 7.0.4
    engines: {node: '>=12'}
    hasBin: true
    dev: true

  registry.npmmirror.com/log-symbols/5.1.0:
    resolution: {integrity: sha512-l0x2DvrW294C9uDCoQe1VSU4gf529FkSZ6leBl4TiqZH/e+0R7hSfHQBNut2mNygDgHwvYHfFLn6Oxb3VWj2rA==, registry: https://registry.npm.taobao.org/, tarball: https://registry.npmmirror.com/log-symbols/download/log-symbols-5.1.0.tgz}
    name: log-symbols
    version: 5.1.0
    engines: {node: '>=12'}
    dependencies:
      chalk: registry.npmmirror.com/chalk/5.0.0
      is-unicode-supported: registry.nlark.com/is-unicode-supported/1.1.0
    dev: false

  registry.npmmirror.com/prompts/2.4.2:
    resolution: {integrity: sha1-e1fnOzpIAprRDr1E90sBcipMsGk=, registry: https://registry.npm.taobao.org/, tarball: https://registry.npmmirror.com/prompts/download/prompts-2.4.2.tgz}
    name: prompts
    version: 2.4.2
    engines: {node: '>= 6'}
    dependencies:
      kleur: registry.nlark.com/kleur/3.0.3
      sisteransi: registry.nlark.com/sisteransi/1.0.5
    dev: false

  registry.npmmirror.com/signal-exit/3.0.6:
    resolution: {integrity: sha512-sDl4qMFpijcGw22U5w63KmD3cZJfBuFlVNbVMKje2keoKML7X2UzWbc4XrmEbDwg0NXJc3yv4/ox7b+JWb57kQ==, registry: https://registry.npm.taobao.org/, tarball: https://registry.npmmirror.com/signal-exit/download/signal-exit-3.0.6.tgz}
    name: signal-exit
    version: 3.0.6
    dev: false

  registry.npmmirror.com/string_decoder/1.3.0:
    resolution: {integrity: sha1-QvEUWUpGzxqOMLCoT1bHjD7awh4=, registry: https://registry.npm.taobao.org/, tarball: https://registry.npmmirror.com/string_decoder/download/string_decoder-1.3.0.tgz}
    name: string_decoder
    version: 1.3.0
    dependencies:
      safe-buffer: registry.nlark.com/safe-buffer/5.2.1
    dev: false

  registry.npmmirror.com/strip-ansi/7.0.1:
    resolution: {integrity: sha1-YXQKCM42th5Q5lZT8HBg0ACXX7I=, registry: https://registry.npm.taobao.org/, tarball: https://registry.npmmirror.com/strip-ansi/download/strip-ansi-7.0.1.tgz?cache=0&sync_timestamp=1632445112190&other_urls=https%3A%2F%2Fregistry.npmmirror.com%2Fstrip-ansi%2Fdownload%2Fstrip-ansi-7.0.1.tgz}
    name: strip-ansi
    version: 7.0.1
    engines: {node: '>=12'}
    dependencies:
      ansi-regex: registry.nlark.com/ansi-regex/6.0.1
    dev: false

  registry.npmmirror.com/supports-color/7.2.0:
    resolution: {integrity: sha1-G33NyzK4E4gBs+R4umpRyqiWSNo=, registry: https://registry.npm.taobao.org/, tarball: https://registry.npmmirror.com/supports-color/download/supports-color-7.2.0.tgz}
    name: supports-color
    version: 7.2.0
    engines: {node: '>=8'}
    dependencies:
      has-flag: registry.nlark.com/has-flag/4.0.0
    dev: false
